Microsoft Visual Studio Solution File, Format Version 12.00
# Visual Studio Express 2012 for Windows Desktop
Project("{FAE04EC0-301F-11D3-BF4B-00C04F79EFBC}") = "QBMigrationTool", "QBMigrationTool.csproj", "{9440FBB0-0EAA-417E-A2D9-019BE88A9B81}"
EndProject
Project("{FAE04EC0-301F-11D3-BF4B-00C04F79EFBC}") = "rototrack-data-access", "..\rototrack-data-access\rototrack-data-access.csproj", "{CD529940-CACD-4635-8E63-BFE11C80A70D}"
EndProject
Project("{FAE04EC0-301F-11D3-BF4B-00C04F79EFBC}") = "rototrack-model", "..\rototrack-model\rototrack-model.csproj", "{6E2731D5-058C-4055-9A05-2DF86EB1E400}"
EndProject
Project("{FAE04EC0-301F-11D3-BF4B-00C04F79EFBC}") = "zochnet-utils", "..\zochnet-utils\zochnet-utils.csproj", "{B5C4436D-1767-4D34-BDA8-8CCEB9A5B8DB}"
EndProject
Global
	GlobalSection(SolutionConfigurationPlatforms) = preSolution
		DEV_GUARD|Any CPU = DEV_GUARD|Any CPU
		DEV_ROTO|Any CPU = DEV_ROTO|Any CPU
		LIVE_GUARD_DB_SYNC|Any CPU = LIVE_GUARD_DB_SYNC|Any CPU
		LIVE_GUARD|Any CPU = LIVE_GUARD|Any CPU
		LIVE_ROTO_DB_SYNC|Any CPU = LIVE_ROTO_DB_SYNC|Any CPU
		LIVE_ROTO|Any CPU = LIVE_ROTO|Any CPU
		LIVE|Any CPU = LIVE|Any CPU
	EndGlobalSection
	GlobalSection(ProjectConfigurationPlatforms) = postSolution
		{9440FBB0-0EAA-417E-A2D9-019BE88A9B81}.DEV_GUARD|Any CPU.ActiveCfg = DEV_GUARD|Any CPU
		{9440FBB0-0EAA-417E-A2D9-019BE88A9B81}.DEV_GUARD|Any CPU.Build.0 = DEV_GUARD|Any CPU
		{9440FBB0-0EAA-417E-A2D9-019BE88A9B81}.DEV_ROTO|Any CPU.ActiveCfg = DEV_ROTO|Any CPU
		{9440FBB0-0EAA-417E-A2D9-019BE88A9B81}.DEV_ROTO|Any CPU.Build.0 = DEV_ROTO|Any CPU
		{9440FBB0-0EAA-417E-A2D9-019BE88A9B81}.LIVE_GUARD_DB_SYNC|Any CPU.ActiveCfg = LIVE_GUARD_DB_SYNC|Any CPU
		{9440FBB0-0EAA-417E-A2D9-019BE88A9B81}.LIVE_GUARD_DB_SYNC|Any CPU.Build.0 = LIVE_GUARD_DB_SYNC|Any CPU
		{9440FBB0-0EAA-417E-A2D9-019BE88A9B81}.LIVE_GUARD|Any CPU.ActiveCfg = LIVE_GUARD|Any CPU
		{9440FBB0-0EAA-417E-A2D9-019BE88A9B81}.LIVE_GUARD|Any CPU.Build.0 = LIVE_GUARD|Any CPU
		{9440FBB0-0EAA-417E-A2D9-019BE88A9B81}.LIVE_ROTO_DB_SYNC|Any CPU.ActiveCfg = LIVE_ROTO_DB_SYNC|Any CPU
		{9440FBB0-0EAA-417E-A2D9-019BE88A9B81}.LIVE_ROTO_DB_SYNC|Any CPU.Build.0 = LIVE_ROTO_DB_SYNC|Any CPU
		{9440FBB0-0EAA-417E-A2D9-019BE88A9B81}.LIVE_ROTO|Any CPU.ActiveCfg = LIVE_ROTO|Any CPU
		{9440FBB0-0EAA-417E-A2D9-019BE88A9B81}.LIVE_ROTO|Any CPU.Build.0 = LIVE_ROTO|Any CPU
		{9440FBB0-0EAA-417E-A2D9-019BE88A9B81}.LIVE|Any CPU.ActiveCfg = LIVE_GUARD|Any CPU
		{9440FBB0-0EAA-417E-A2D9-019BE88A9B81}.LIVE|Any CPU.Build.0 = LIVE_GUARD|Any CPU
		{CD529940-CACD-4635-8E63-BFE11C80A70D}.DEV_GUARD|Any CPU.ActiveCfg = DEV_GUARD|Any CPU
		{CD529940-CACD-4635-8E63-BFE11C80A70D}.DEV_GUARD|Any CPU.Build.0 = DEV_GUARD|Any CPU
		{CD529940-CACD-4635-8E63-BFE11C80A70D}.DEV_ROTO|Any CPU.ActiveCfg = DEV_ROTO|Any CPU
		{CD529940-CACD-4635-8E63-BFE11C80A70D}.DEV_ROTO|Any CPU.Build.0 = DEV_ROTO|Any CPU
		{CD529940-CACD-4635-8E63-BFE11C80A70D}.LIVE_GUARD_DB_SYNC|Any CPU.ActiveCfg = LIVE_GUARD|Any CPU
		{CD529940-CACD-4635-8E63-BFE11C80A70D}.LIVE_GUARD_DB_SYNC|Any CPU.Build.0 = LIVE_GUARD|Any CPU
		{CD529940-CACD-4635-8E63-BFE11C80A70D}.LIVE_GUARD|Any CPU.ActiveCfg = LIVE_GUARD|Any CPU
		{CD529940-CACD-4635-8E63-BFE11C80A70D}.LIVE_GUARD|Any CPU.Build.0 = LIVE_GUARD|Any CPU
		{CD529940-CACD-4635-8E63-BFE11C80A70D}.LIVE_ROTO_DB_SYNC|Any CPU.ActiveCfg = LIVE_ROTO|Any CPU
		{CD529940-CACD-4635-8E63-BFE11C80A70D}.LIVE_ROTO_DB_SYNC|Any CPU.Build.0 = LIVE_ROTO|Any CPU
		{CD529940-CACD-4635-8E63-BFE11C80A70D}.LIVE_ROTO|Any CPU.ActiveCfg = LIVE_ROTO|Any CPU
		{CD529940-CACD-4635-8E63-BFE11C80A70D}.LIVE_ROTO|Any CPU.Build.0 = LIVE_ROTO|Any CPU
		{CD529940-CACD-4635-8E63-BFE11C80A70D}.LIVE|Any CPU.ActiveCfg = LIVE|Any CPU
		{CD529940-CACD-4635-8E63-BFE11C80A70D}.LIVE|Any CPU.Build.0 = LIVE|Any CPU
		{6E2731D5-058C-4055-9A05-2DF86EB1E400}.DEV_GUARD|Any CPU.ActiveCfg = DEV_GUARD|Any CPU
		{6E2731D5-058C-4055-9A05-2DF86EB1E400}.DEV_GUARD|Any CPU.Build.0 = DEV_GUARD|Any CPU
		{6E2731D5-058C-4055-9A05-2DF86EB1E400}.DEV_ROTO|Any CPU.ActiveCfg = DEV_ROTO|Any CPU
		{6E2731D5-058C-4055-9A05-2DF86EB1E400}.DEV_ROTO|Any CPU.Build.0 = DEV_ROTO|Any CPU
		{6E2731D5-058C-4055-9A05-2DF86EB1E400}.LIVE_GUARD_DB_SYNC|Any CPU.ActiveCfg = LIVE_GUARD|Any CPU
		{6E2731D5-058C-4055-9A05-2DF86EB1E400}.LIVE_GUARD_DB_SYNC|Any CPU.Build.0 = LIVE_GUARD|Any CPU
		{6E2731D5-058C-4055-9A05-2DF86EB1E400}.LIVE_GUARD|Any CPU.ActiveCfg = LIVE_GUARD|Any CPU
		{6E2731D5-058C-4055-9A05-2DF86EB1E400}.LIVE_GUARD|Any CPU.Build.0 = LIVE_GUARD|Any CPU
		{6E2731D5-058C-4055-9A05-2DF86EB1E400}.LIVE_ROTO_DB_SYNC|Any CPU.ActiveCfg = LIVE_ROTO|Any CPU
		{6E2731D5-058C-4055-9A05-2DF86EB1E400}.LIVE_ROTO_DB_SYNC|Any CPU.Build.0 = LIVE_ROTO|Any CPU
		{6E2731D5-058C-4055-9A05-2DF86EB1E400}.LIVE_ROTO|Any CPU.ActiveCfg = LIVE_ROTO|Any CPU
		{6E2731D5-058C-4055-9A05-2DF86EB1E400}.LIVE_ROTO|Any CPU.Build.0 = LIVE_ROTO|Any CPU
		{6E2731D5-058C-4055-9A05-2DF86EB1E400}.LIVE|Any CPU.ActiveCfg = LIVE|Any CPU
		{6E2731D5-058C-4055-9A05-2DF86EB1E400}.LIVE|Any CPU.Build.0 = LIVE|Any CPU
		{B5C4436D-1767-4D34-BDA8-8CCEB9A5B8DB}.DEV_GUARD|Any CPU.ActiveCfg = DEV_GUARD|Any CPU
		{B5C4436D-1767-4D34-BDA8-8CCEB9A5B8DB}.DEV_GUARD|Any CPU.Build.0 = DEV_GUARD|Any CPU
		{B5C4436D-1767-4D34-BDA8-8CCEB9A5B8DB}.DEV_ROTO|Any CPU.ActiveCfg = DEV_ROTO|Any CPU
		{B5C4436D-1767-4D34-BDA8-8CCEB9A5B8DB}.DEV_ROTO|Any CPU.Build.0 = DEV_ROTO|Any CPU
		{B5C4436D-1767-4D34-BDA8-8CCEB9A5B8DB}.LIVE_GUARD_DB_SYNC|Any CPU.ActiveCfg = LIVE_GUARD|Any CPU
		{B5C4436D-1767-4D34-BDA8-8CCEB9A5B8DB}.LIVE_GUARD_DB_SYNC|Any CPU.Build.0 = LIVE_GUARD|Any CPU
		{B5C4436D-1767-4D34-BDA8-8CCEB9A5B8DB}.LIVE_GUARD|Any CPU.ActiveCfg = LIVE_GUARD|Any CPU
		{B5C4436D-1767-4D34-BDA8-8CCEB9A5B8DB}.LIVE_GUARD|Any CPU.Build.0 = LIVE_GUARD|Any CPU
		{B5C4436D-1767-4D34-BDA8-8CCEB9A5B8DB}.LIVE_ROTO_DB_SYNC|Any CPU.ActiveCfg = LIVE_ROTO|Any CPU
		{B5C4436D-1767-4D34-BDA8-8CCEB9A5B8DB}.LIVE_ROTO_DB_SYNC|Any CPU.Build.0 = LIVE_ROTO|Any CPU
		{B5C4436D-1767-4D34-BDA8-8CCEB9A5B8DB}.LIVE_ROTO|Any CPU.ActiveCfg = LIVE_ROTO|Any CPU
		{B5C4436D-1767-4D34-BDA8-8CCEB9A5B8DB}.LIVE_ROTO|Any CPU.Build.0 = LIVE_ROTO|Any CPU
		{B5C4436D-1767-4D34-BDA8-8CCEB9A5B8DB}.LIVE|Any CPU.ActiveCfg = LIVE|Any CPU
		{B5C4436D-1767-4D34-BDA8-8CCEB9A5B8DB}.LIVE|Any CPU.Build.0 = LIVE|Any CPU
	EndGlobalSection
	GlobalSection(SolutionProperties) = preSolution
		HideSolutionNode = FALSE
	EndGlobalSection
EndGlobal
